
Microsoft Visual Studio Solution File, Format Version 12.00
# Visual Studio Version 17
VisualStudioVersion = 17.4.33205.214
MinimumVisualStudioVersion = 10.0.40219.1
Project("{FAE04EC0-301F-11D3-BF4B-00C04F79EFBC}") = "THA_W07_JESSICA_T", "THA_W07_JESSICA_T\THA_W07_JESSICA_T.csproj", "{365A2011-7B39-4DB0-A6C8-ED5C8390BE10}"
EndProject
Global
	GlobalSection(SolutionConfigurationPlatforms) = preSolution
		Debug|Any CPU = Debug|Any CPU
		Release|Any CPU = Release|Any CPU
	EndGlobalSection
	GlobalSection(ProjectConfigurationPlatforms) = postSolution
		{365A2011-7B39-4DB0-A6C8-ED5C8390BE10}.Debug|Any CPU.ActiveCfg = Debug|Any CPU
		{365A2011-7B39-4DB0-A6C8-ED5C8390BE10}.Debug|Any CPU.Build.0 = Debug|Any CPU
		{365A2011-7B39-4DB0-A6C8-ED5C8390BE10}.Release|Any CPU.ActiveCfg = Release|Any CPU
		{365A2011-7B39-4DB0-A6C8-ED5C8390BE10}.Release|Any CPU.Build.0 = Release|Any CPU
	EndGlobalSection
	GlobalSection(SolutionProperties) = preSolution
		HideSolutionNode = FALSE
	EndGlobalSection
	GlobalSection(ExtensibilityGlobals) = postSolution
		SolutionGuid = {32CE884A-FB7C-44EC-BB1C-F6A965682761}
	EndGlobalSection
EndGlobal
